# This file is automatically @generated by Cargo.
# It is not intended for manual editing.
version = 4

[[package]]
name = "bit_mask_ring_buf"
version = "0.6.2"
source = "registry+https://github.com/rust-lang/crates.io-index"
checksum = "ac85b1322307fc253c24060df1e8b4e8ea681e13d2d02d14f59dbdf9f64b0e13"

[[package]]
name = "halfband"
version = "0.1.0"
dependencies = [
 "bit_mask_ring_buf",
]
